
Microsoft Visual Studio Solution File, Format Version 12.00
# Visual Studio Version 17
VisualStudioVersion = 17.5.33530.505
MinimumVisualStudioVersion = 10.0.40219.1
Project("{9A19103F-16F7-4668-BE54-9A1E7A4F7556}") = "CBTIS223_v2", "CBTIS223_v2\CBTIS223_v2.csproj", "{EEFA48C7-F42B-453E-960F-A598FCC8F151}"
EndProject
Global
	GlobalSection(SolutionConfigurationPlatforms) = preSolution
		Debug|Any CPU = Debug|Any CPU
		Release|Any CPU = Release|Any CPU
	EndGlobalSection
	GlobalSection(ProjectConfigurationPlatforms) = postSolution
		{EEFA48C7-F42B-453E-960F-A598FCC8F151}.Debug|Any CPU.ActiveCfg = Debug|Any CPU
		{EEFA48C7-F42B-453E-960F-A598FCC8F151}.Debug|Any CPU.Build.0 = Debug|Any CPU
		{EEFA48C7-F42B-453E-960F-A598FCC8F151}.Release|Any CPU.ActiveCfg = Release|Any CPU
		{EEFA48C7-F42B-453E-960F-A598FCC8F151}.Release|Any CPU.Build.0 = Release|Any CPU
	EndGlobalSection
	GlobalSection(SolutionProperties) = preSolution
		HideSolutionNode = FALSE
	EndGlobalSection
	GlobalSection(ExtensibilityGlobals) = postSolution
		SolutionGuid = {CAFC18DC-5073-4B2C-AFC0-7E41709A206D}
	EndGlobalSection
EndGlobal
